
Microsoft Visual Studio Solution File, Format Version 12.00
# Visual Studio Version 16
VisualStudioVersion = 16.0.29215.179
MinimumVisualStudioVersion = 10.0.40219.1
Project("{FAE04EC0-301F-11D3-BF4B-00C04F79EFBC}") = "Publish-to-ROBLOX", "Publish-to-ROBLOX\Publish-to-ROBLOX.csproj", "{5CA06245-0AB9-4961-974B-755535987A2B}"
EndProject
Global
	GlobalSection(SolutionConfigurationPlatforms) = preSolution
		Debug|Any CPU = Debug|Any CPU
		Release|Any CPU = Release|Any CPU
	EndGlobalSection
	GlobalSection(ProjectConfigurationPlatforms) = postSolution
		{5CA06245-0AB9-4961-974B-755535987A2B}.Debug|Any CPU.ActiveCfg = Debug|Any CPU
		{5CA06245-0AB9-4961-974B-755535987A2B}.Debug|Any CPU.Build.0 = Debug|Any CPU
		{5CA06245-0AB9-4961-974B-755535987A2B}.Release|Any CPU.ActiveCfg = Release|Any CPU
		{5CA06245-0AB9-4961-974B-755535987A2B}.Release|Any CPU.Build.0 = Release|Any CPU
	EndGlobalSection
	GlobalSection(SolutionProperties) = preSolution
		HideSolutionNode = FALSE
	EndGlobalSection
	GlobalSection(ExtensibilityGlobals) = postSolution
		SolutionGuid = {D2949F67-EE0D-49A9-A633-EED047D46562}
	EndGlobalSection
EndGlobal
